// !$*UTF8*$!
{
	archiveVersion = 1;
	classes = {
	};
	objectVersion = 46;
	objects = {

/* Begin PBXBuildFile section */
		6DD774B01D2E90F300958324 /* AppDelegate.swift in Sources */ = {isa = PBXBuildFile; fileRef = 6DD774AF1D2E90F300958324 /* AppDelegate.swift */; };
		6DD774B21D2E90F300958324 /* ViewController.swift in Sources */ = {isa = PBXBuildFile; fileRef = 6DD774B11D2E90F300958324 /* ViewController.swift */; };
		6DD774B51D2E90F300958324 /* Main.storyboard in Resources */ = {isa = PBXBuildFile; fileRef = 6DD774B31D2E90F300958324 /* Main.storyboard */; };
		6DD774B71D2E90F300958324 /* Assets.xcassets in Resources */ = {isa = PBXBuildFile; fileRef = 6DD774B61D2E90F300958324 /* Assets.xcassets */; };
		6DD774BA1D2E90F300958324 /* LaunchScreen.storyboard in Resources */ = {isa = PBXBuildFile; fileRef = 6DD774B81D2E90F300958324 /* LaunchScreen.storyboard */; };
/* End PBXBuildFile section */

/* Begin PBXFileReference section */
		6DD774AC1D2E90F300958324 /* BNMessenger.app */ = {isa = PBXFileReference; explicitFileType = wrapper.application; includeInIndex = 0; path = BNMessenger.app; sourceTree = BUILT_PRODUCTS_DIR; };
		6DD774AF1D2E90F300958324 /* AppDelegate.swift */ = {isa = PBXFileReference; lastKnownFileType = sourcecode.swift; path = AppDelegate.swift; sourceTree = "<group>"; };
		6DD774B11D2E90F300958324 /* ViewController.swift */ = {isa = PBXFileReference; lastKnownFileType = sourcecode.swift; path = ViewController.swift; sourceTree = "<group>"; };
		6DD774B41D2E90F300958324 /* Base */ = {isa = PBXFileReference; lastKnownFileType = file.storyboard; name = Base; path = Base.lproj/Main.storyboard; sourceTree = "<group>"; };
		6DD774B61D2E90F300958324 /* Assets.xcassets */ = {isa = PBXFileReference; lastKnownFileType = folder.assetcatalog; path = Assets.xcassets; sourceTree = "<group>"; };
		6DD774B91D2E90F300958324 /* Base */ = {isa = PBXFileReference; lastKnownFileType = file.storyboard; name = Base; path = Base.lproj/LaunchScreen.storyboard; sourceTree = "<group>"; };
		6DD774BB1D2E90F300958324 /* Info.plist */ = {isa = PBXFileReference; lastKnownFileType = text.plist.xml; path = Info.plist; sourceTree = "<group>"; };
/* End PBXFileReference section */

/* Begin PBXFrameworksBuildPhase section */
		6DD774A91D2E90F300958324 /* Frameworks */ = {
			isa = PBXFrameworksBuildPhase;
			buildActionMask = 2147483647;
			files = (
			);
			runOnlyForDeploymentPostprocessing = 0;
		};
/* End PBXFrameworksBuildPhase section */

/* Begin PBXGroup section */
		6DD774A31D2E90F300958324 = {
			isa = PBXGroup;
			children = (
				6DD774AE1D2E90F300958324 /* BNMessenger */,
				6DD774AD1D2E90F300958324 /* Products */,
			);
			sourceTree = "<group>";
		};
		6DD774AD1D2E90F300958324 /* Products */ = {
			isa = PBXGroup;
			children = (
				6DD774AC1D2E90F300958324 /* BNMessenger.app */,
			);
			name = Products;
			sourceTree = "<group>";
		};
		6DD774AE1D2E90F300958324 /* BNMessenger */ = {
			isa = PBXGroup;
			children = (
				6DD774AF1D2E90F300958324 /* AppDelegate.swift */,
				6DD774B11D2E90F300958324 /* ViewController.swift */,
				6DD774B31D2E90F300958324 /* Main.storyboard */,
				6DD774B61D2E90F300958324 /* Assets.xcassets */,
				6DD774B81D2E90F300958324 /* LaunchScreen.storyboard */,
				6DD774BB1D2E90F300958324 /* Info.plist */,
			);
			path = BNMessenger;
			sourceTree = "<group>";
		};
/* End PBXGroup section */

/* Begin PBXNativeTarget section */
		6DD774AB1D2E90F300958324 /* BNMessenger */ = {
			isa = PBXNativeTarget;
			buildConfigurationList = 6DD774BE1D2E90F300958324 /* Build configuration list for PBXNativeTarget "BNMessenger" */;
			buildPhases = (
				6DD774A81D2E90F300958324 /* Sources */,
				6DD774A91D2E90F300958324 /* Frameworks */,
				6DD774AA1D2E90F300958324 /* Resources */,
			);
			buildRules = (
			);
			dependencies = (
			);
			name = BNMessenger;
			productName = BNMessenger;
			productReference = 6DD774AC1D2E90F300958324 /* BNMessenger.app */;
			productType = "com.apple.product-type.application";
		};
/* End PBXNativeTarget section */

/* Begin PBXProject section */
		6DD774A41D2E90F300958324 /* Project object */ = {
			isa = PBXProject;
			attributes = {
				LastSwiftUpdateCheck = 0730;
				LastUpgradeCheck = 0730;
				ORGANIZATIONNAME = flysofast;
				TargetAttributes = {
					6DD774AB1D2E90F300958324 = {
						CreatedOnToolsVersion = 7.3.1;
					};
				};
			};
			buildConfigurationList = 6DD774A71D2E90F300958324 /* Build configuration list for PBXProject "BNMessenger" */;
			compatibilityVersion = "Xcode 3.2";
			developmentRegion = English;
			hasScannedForEncodings = 0;
			knownRegions = (
				en,
				Base,
			);
			mainGroup = 6DD774A31D2E90F300958324;
			productRefGroup = 6DD774AD1D2E90F300958324 /* Products */;
			projectDirPath = "";
			projectRoot = "";
			targets = (
				6DD774AB1D2E90F300958324 /* BNMessenger */,
			);
		};
/* End PBXProject section */

/* Begin PBXResourcesBuildPhase section */
		6DD774AA1D2E90F300958324 /* Resources */ = {
			isa = PBXResourcesBuildPhase;
			buildActionMask = 2147483647;
			files = (
				6DD774BA1D2E90F300958324 /* LaunchScreen.storyboard in Resources */,
				6DD774B71D2E90F300958324 /* Assets.xcassets in Resources */,
				6DD774B51D2E90F300958324 /* Main.storyboard in Resources */,
			);
			runOnlyForDeploymentPostprocessing = 0;
		};
/* End PBXResourcesBuildPhase section */

/* Begin PBXSourcesBuildPhase section */
		6DD774A81D2E90F300958324 /* Sources */ = {
			isa = PBXSourcesBuildPhase;
			buildActionMask = 2147483647;
			files = (
				6DD774B21D2E90F300958324 /* ViewController.swift in Sources */,
				6DD774B01D2E90F300958324 /* AppDelegate.swift in Sources */,
			);
			runOnlyForDeploymentPostprocessing = 0;
		};
/* End PBXSourcesBuildPhase section */

/* Begin PBXVariantGroup section */
		6DD774B31D2E90F300958324 /* Main.storyboard */ = {
			isa = PBXVariantGroup;
			children = (
				6DD774B41D2E90F300958324 /* Base */,
			);
			name = Main.storyboard;
			sourceTree = "<group>";
		};
		6DD774B81D2E90F300958324 /* LaunchScreen.storyboard */ = {
			isa = PBXVariantGroup;
			children = (
				6DD774B91D2E90F300958324 /* Base */,
			);
			name = LaunchScreen.storyboard;
			sourceTree = "<group>";
		};
/* End PBXVariantGroup section */

/* Begin XCBuildConfiguration section */
		6DD774BC1D2E90F300958324 /* Debug */ = {
			isa = XCBuildConfiguration;
			buildSettings = {
				ALWAYS_SEARCH_USER_PATHS = NO;
				CLANG_ANALYZER_NONNULL = YES;
				CLANG_CXX_LANGUAGE_STANDARD = "gnu++0x";
				CLANG_CXX_LIBRARY = "libc++";
				CLANG_ENABLE_MODULES = YES;
				CLANG_ENABLE_OBJC_ARC = YES;
				CLANG_WARN_BOOL_CONVERSION = YES;
				CLANG_WARN_CONSTANT_CONVERSION = YES;
				CLANG_WARN_DIRECT_OBJC_ISA_USAGE = YES_ERROR;
				CLANG_WARN_EMPTY_BODY = YES;
				CLANG_WARN_ENUM_CONVERSION = YES;
				CLANG_WARN_INT_CONVERSION = YES;
				CLANG_WARN_OBJC_ROOT_CLASS = YES_ERROR;
				CLANG_WARN_UNREACHABLE_CODE = YES;
				CLANG_WARN__DUPLICATE_METHOD_MATCH = YES;
				"CODE_SIGN_IDENTITY[sdk=iphoneos*]" = "iPhone Developer";
				COPY_PHASE_STRIP = NO;
				DEBUG_INFORMATION_FORMAT = dwarf;
				ENABLE_STRICT_OBJC_MSGSEND = YES;
				ENABLE_TESTABILITY = YES;
				GCC_C_LANGUAGE_STANDARD = gnu99;
				GCC_DYNAMIC_NO_PIC = NO;
				GCC_NO_COMMON_BLOCKS = YES;
				GCC_OPTIMIZATION_LEVEL = 0;
				GCC_PREPROCESSOR_DEFINITIONS = (
					"DEBUG=1",
					"$(inherited)",
				);
				GCC_WARN_64_TO_32_BIT_CONVERSION = YES;
				GCC_WARN_ABOUT_RETURN_TYPE = YES_ERROR;
				GCC_WARN_UNDECLARED_SELECTOR = YES;
				GCC_WARN_UNINITIALIZED_AUTOS = YES_AGGRESSIVE;
				GCC_WARN_UNUSED_FUNCTION = YES;
				GCC_WARN_UNUSED_VARIABLE = YES;
				IPHONEOS_DEPLOYMENT_TARGET = 9.3;
				MTL_ENABLE_DEBUG_INFO = YES;
				ONLY_ACTIVE_ARCH = YES;
				SDKROOT = iphoneos;
				SWIFT_OPTIMIZATION_LEVEL = "-Onone";
				TARGETED_DEVICE_FAMILY = "1,2";
			};
			name = Debug;
		};
		6DD774BD1D2E90F300958324 /* Release */ = {
			isa = XCBuildConfiguration;
			buildSettings = {
				ALWAYS_SEARCH_USER_PATHS = NO;
				CLANG_ANALYZER_NONNULL = YES;
				CLANG_CXX_LANGUAGE_STANDARD = "gnu++0x";
				CLANG_CXX_LIBRARY = "libc++";
				CLANG_ENABLE_MODULES = YES;
				CLANG_ENABLE_OBJC_ARC = YES;
				CLANG_WARN_BOOL_CONVERSION = YES;
				CLANG_WARN_CONSTANT_CONVERSION = YES;
				CLANG_WARN_DIRECT_OBJC_ISA_USAGE = YES_ERROR;
				CLANG_WARN_EMPTY_BODY = YES;
				CLANG_WARN_ENUM_CONVERSION = YES;
				CLANG_WARN_INT_CONVERSION = YES;
				CLANG_WARN_OBJC_ROOT_CLASS = YES_ERROR;
				CLANG_WARN_UNREACHABLE_CODE = YES;
				CLANG_WARN__DUPLICATE_METHOD_MATCH = YES;
				"CODE_SIGN_IDENTITY[sdk=iphoneos*]" = "iPhone Developer";
				COPY_PHASE_STRIP = NO;
				DEBUG_INFORMATION_FORMAT = "dwarf-with-dsym";
				ENABLE_NS_ASSERTIONS = NO;
				ENABLE_STRICT_OBJC_MSGSEND = YES;
				GCC_C_LANGUAGE_STANDARD = gnu99;
				GCC_NO_COMMON_BLOCKS = YES;
				GCC_WARN_64_TO_32_BIT_CONVERSION = YES;
				GCC_WARN_ABOUT_RETURN_TYPE = YES_ERROR;
				GCC_WARN_UNDECLARED_SELECTOR = YES;
				GCC_WARN_UNINITIALIZED_AUTOS = YES_AGGRESSIVE;
				GCC_WARN_UNUSED_FUNCTION = YES;
				GCC_WARN_UNUSED_VARIABLE = YES;
				IPHONEOS_DEPLOYMENT_TARGET = 9.3;
				MTL_ENABLE_DEBUG_INFO = NO;
				SDKROOT = iphoneos;
				TARGETED_DEVICE_FAMILY = "1,2";
				VALIDATE_PRODUCT = YES;
			};
			name = Release;
		};
		6DD774BF1D2E90F300958324 /* Debug */ = {
			isa = XCBuildConfiguration;
			buildSettings = {
				ASSETCATALOG_COMPILER_APPICON_NAME = AppIcon;
				INFOPLIST_FILE = BNMessenger/Info.plist;
				LD_RUNPATH_SEARCH_PATHS = "$(inherited) @executable_path/Frameworks";
				PRODUCT_BUNDLE_IDENTIFIER = com.flysofast.BNMessenger;
				PRODUCT_NAME = "$(TARGET_NAME)";
			};
			name = Debug;
		};
		6DD774C01D2E90F300958324 /* Release */ = {
			isa = XCBuildConfiguration;
			buildSettings = {
				ASSETCATALOG_COMPILER_APPICON_NAME = AppIcon;
				INFOPLIST_FILE = BNMessenger/Info.plist;
				LD_RUNPATH_SEARCH_PATHS = "$(inherited) @executable_path/Frameworks";
				PRODUCT_BUNDLE_IDENTIFIER = com.flysofast.BNMessenger;
				PRODUCT_NAME = "$(TARGET_NAME)";
			};
			name = Release;
		};
/* End XCBuildConfiguration section */

/* Begin XCConfigurationList section */
		6DD774A71D2E90F300958324 /* Build configuration list for PBXProject "BNMessenger" */ = {
			isa = XCConfigurationList;
			buildConfigurations = (
				6DD774BC1D2E90F300958324 /* Debug */,
				6DD774BD1D2E90F300958324 /* Release */,
			);
			defaultConfigurationIsVisible = 0;
			defaultConfigurationName = Release;
		};
		6DD774BE1D2E90F300958324 /* Build configuration list for PBXNativeTarget "BNMessenger" */ = {
			isa = XCConfigurationList;
			buildConfigurations = (
				6DD774BF1D2E90F300958324 /* Debug */,
				6DD774C01D2E90F300958324 /* Release */,
			);
			defaultConfigurationIsVisible = 0;
		};
/* End XCConfigurationList section */
	};
	rootObject = 6DD774A41D2E90F300958324 /* Project object */;
}
